
Microsoft Visual Studio Solution File, Format Version 12.00
# Visual Studio 15
VisualStudioVersion = 15.0.27130.2010
MinimumVisualStudioVersion = 10.0.40219.1
Project("{FAE04EC0-301F-11D3-BF4B-00C04F79EFBC}") = "JoesCoffeeStore.Web", "JoesCoffeeStore.Web\JoesCoffeeStore.Web.csproj", "{50B475CE-1114-4800-9EC7-3AAD290C6150}"
EndProject
Global
	GlobalSection(SolutionConfigurationPlatforms) = preSolution
		Debug|Any CPU = Debug|Any CPU
		Release|Any CPU = Release|Any CPU
	EndGlobalSection
	GlobalSection(ProjectConfigurationPlatforms) = postSolution
		{50B475CE-1114-4800-9EC7-3AAD290C6150}.Debug|Any CPU.ActiveCfg = Debug|Any CPU
		{50B475CE-1114-4800-9EC7-3AAD290C6150}.Debug|Any CPU.Build.0 = Debug|Any CPU
		{50B475CE-1114-4800-9EC7-3AAD290C6150}.Release|Any CPU.ActiveCfg = Release|Any CPU
		{50B475CE-1114-4800-9EC7-3AAD290C6150}.Release|Any CPU.Build.0 = Release|Any CPU
	EndGlobalSection
	GlobalSection(SolutionProperties) = preSolution
		HideSolutionNode = FALSE
	EndGlobalSection
	GlobalSection(ExtensibilityGlobals) = postSolution
		SolutionGuid = {D5C1C859-9298-4EE2-9FB7-E980025153EF}
	EndGlobalSection
EndGlobal
